dependencies:
  idf:
    source:
      type: idf
    version: 5.5.2
  it8951-esp32:
    component_hash: 2ffa4f8c98f73ef8176d752904e36858fa0c81e7086a1cc256c6dbc825f79fcf
    dependencies:
    - name: idf
      version: '>=5.0'
    source:
      git: https://github.com/pvginkel/it8951-esp32
      path: .
      type: git
    version: 167406475edd8e659170e4eb6c8fdd10c96f7a89
  lvgl/lvgl:
    component_hash: d7c1ac037ae6e85d94897f807d6e7ba0946a83e720074fc95a4f6241da9f9f53
    dependencies: []
    source:
      registry_url: https://components.espressif.com/
      type: service
    version: 8.4.0
direct_dependencies:
- idf
- it8951-esp32
- lvgl/lvgl
manifest_hash: 637d07db31723e7cfe0055025431e83a34780c86cd1bc234fa09da4c785d7155
target: esp32s3
version: 2.0.0
